# This file is automatically @generated by Cargo.
# It is not intended for manual editing.
version = 4

[[package]]
name = "qkeys-app"
version = "0.1.0"

[[package]]
name = "qkeys-config"
version = "0.1.0"

[[package]]
name = "qkeys-core"
version = "0.1.0"

[[package]]
name = "qkeys-macro"
version = "0.1.0"
